Microsoft Visual Studio Solution File, Format Version 12.00
# Visual Studio Version 16
VisualStudioVersion = 16.0.0.0
MinimumVisualStudioVersion = 16.0.0.0
Project("{9A19103F-16F7-4668-BE54-9A1E7A4F7556}") = "DieFamilie.Server", "Server\DieFamilie.Server.csproj", "{A53026FC-B90A-4CC4-9835-2A005FC77031}"
EndProject
Project("{9A19103F-16F7-4668-BE54-9A1E7A4F7556}") = "DieFamilie.Client", "Client\DieFamilie.Client.csproj", "{5495A21D-4F20-49E9-AEC5-F405E5C3C2C6}"
EndProject
Project("{9A19103F-16F7-4668-BE54-9A1E7A4F7556}") = "DieFamilie.Shared", "Shared\DieFamilie.Shared.csproj", "{2BBCD544-9F9A-4582-898F-D8CF01DE975C}"
EndProject
Global
	GlobalSection(SolutionConfigurationPlatforms) = preSolution
		Debug|Any CPU = Debug|Any CPU
		Debug|x64 = Debug|x64
		Debug|x86 = Debug|x86
		Release|Any CPU = Release|Any CPU
		Release|x64 = Release|x64
		Release|x86 = Release|x86
	EndGlobalSection
	GlobalSection(ProjectConfigurationPlatforms) = postSolution
		{5495A21D-4F20-49E9-AEC5-F405E5C3C2C6}.Debug|Any CPU.ActiveCfg = Debug|Any CPU
		{5495A21D-4F20-49E9-AEC5-F405E5C3C2C6}.Debug|Any CPU.Build.0 = Debug|Any CPU
		{5495A21D-4F20-49E9-AEC5-F405E5C3C2C6}.Debug|x64.ActiveCfg = Debug|Any CPU
		{5495A21D-4F20-49E9-AEC5-F405E5C3C2C6}.Debug|x64.Build.0 = Debug|Any CPU
		{5495A21D-4F20-49E9-AEC5-F405E5C3C2C6}.Debug|x86.ActiveCfg = Debug|Any CPU
		{5495A21D-4F20-49E9-AEC5-F405E5C3C2C6}.Debug|x86.Build.0 = Debug|Any CPU
		{5495A21D-4F20-49E9-AEC5-F405E5C3C2C6}.Release|Any CPU.ActiveCfg = Release|Any CPU
		{5495A21D-4F20-49E9-AEC5-F405E5C3C2C6}.Release|Any CPU.Build.0 = Release|Any CPU
		{5495A21D-4F20-49E9-AEC5-F405E5C3C2C6}.Release|x64.ActiveCfg = Release|Any CPU
		{5495A21D-4F20-49E9-AEC5-F405E5C3C2C6}.Release|x64.Build.0 = Release|Any CPU
		{5495A21D-4F20-49E9-AEC5-F405E5C3C2C6}.Release|x86.ActiveCfg = Release|Any CPU
		{5495A21D-4F20-49E9-AEC5-F405E5C3C2C6}.Release|x86.Build.0 = Release|Any CPU
		{A53026FC-B90A-4CC4-9835-2A005FC77031}.Debug|Any CPU.ActiveCfg = Debug|Any CPU
		{A53026FC-B90A-4CC4-9835-2A005FC77031}.Debug|Any CPU.Build.0 = Debug|Any CPU
		{A53026FC-B90A-4CC4-9835-2A005FC77031}.Debug|x64.ActiveCfg = Debug|Any CPU
		{A53026FC-B90A-4CC4-9835-2A005FC77031}.Debug|x64.Build.0 = Debug|Any CPU
		{A53026FC-B90A-4CC4-9835-2A005FC77031}.Debug|x86.ActiveCfg = Debug|Any CPU
		{A53026FC-B90A-4CC4-9835-2A005FC77031}.Debug|x86.Build.0 = Debug|Any CPU
		{A53026FC-B90A-4CC4-9835-2A005FC77031}.Release|Any CPU.ActiveCfg = Release|Any CPU
		{A53026FC-B90A-4CC4-9835-2A005FC77031}.Release|Any CPU.Build.0 = Release|Any CPU
		{A53026FC-B90A-4CC4-9835-2A005FC77031}.Release|x64.ActiveCfg = Release|Any CPU
		{A53026FC-B90A-4CC4-9835-2A005FC77031}.Release|x64.Build.0 = Release|Any CPU
		{A53026FC-B90A-4CC4-9835-2A005FC77031}.Release|x86.ActiveCfg = Release|Any CPU
		{A53026FC-B90A-4CC4-9835-2A005FC77031}.Release|x86.Build.0 = Release|Any CPU
		{2BBCD544-9F9A-4582-898F-D8CF01DE975C}.Debug|Any CPU.ActiveCfg = Debug|Any CPU
		{2BBCD544-9F9A-4582-898F-D8CF01DE975C}.Debug|Any CPU.Build.0 = Debug|Any CPU
		{2BBCD544-9F9A-4582-898F-D8CF01DE975C}.Debug|x64.ActiveCfg = Debug|Any CPU
		{2BBCD544-9F9A-4582-898F-D8CF01DE975C}.Debug|x64.Build.0 = Debug|Any CPU
		{2BBCD544-9F9A-4582-898F-D8CF01DE975C}.Debug|x86.ActiveCfg = Debug|Any CPU
		{2BBCD544-9F9A-4582-898F-D8CF01DE975C}.Debug|x86.Build.0 = Debug|Any CPU
		{2BBCD544-9F9A-4582-898F-D8CF01DE975C}.Release|Any CPU.ActiveCfg = Release|Any CPU
		{2BBCD544-9F9A-4582-898F-D8CF01DE975C}.Release|Any CPU.Build.0 = Release|Any CPU
		{2BBCD544-9F9A-4582-898F-D8CF01DE975C}.Release|x64.ActiveCfg = Release|Any CPU
		{2BBCD544-9F9A-4582-898F-D8CF01DE975C}.Release|x64.Build.0 = Release|Any CPU
		{2BBCD544-9F9A-4582-898F-D8CF01DE975C}.Release|x86.ActiveCfg = Release|Any CPU
		{2BBCD544-9F9A-4582-898F-D8CF01DE975C}.Release|x86.Build.0 = Release|Any CPU
	EndGlobalSection
	GlobalSection(SolutionProperties) = preSolution
		HideSolutionNode = FALSE
	EndGlobalSection
	GlobalSection(ExtensibilityGlobals) = postSolution
		SolutionGuid = {19AC5448-E17C-4E0E-B9D0-916B0215891B}
	EndGlobalSection
EndGlobal